
Microsoft Visual Studio Solution File, Format Version 12.00
# Visual Studio 15
VisualStudioVersion = 15.0.28307.645
MinimumVisualStudioVersion = 10.0.40219.1
Project("{9A19103F-16F7-4668-BE54-9A1E7A4F7556}") = "WristCast", "WristCast\WristCast.csproj", "{B1ECD3C9-CF58-45A2-918F-172F0F710CFD}"
EndProject
Project("{9A19103F-16F7-4668-BE54-9A1E7A4F7556}") = "WristCast.Core", "WristCast.Core\WristCast.Core.csproj", "{69874A13-24A7-4F07-BACD-7F6469CD807D}"
EndProject
Project("{9A19103F-16F7-4668-BE54-9A1E7A4F7556}") = "ListenNotesSearch.NET", "..\..\ListenNotesSearch.NET\src\ListenNotesSearch.NET\ListenNotesSearch.NET.csproj", "{51DEFD8E-FEEE-49AB-B503-9C79615D1FD4}"
EndProject
Global
	GlobalSection(SolutionConfigurationPlatforms) = preSolution
		Debug|Any CPU = Debug|Any CPU
		Release|Any CPU = Release|Any CPU
	EndGlobalSection
	GlobalSection(ProjectConfigurationPlatforms) = postSolution
		{B1ECD3C9-CF58-45A2-918F-172F0F710CFD}.Debug|Any CPU.ActiveCfg = Debug|Any CPU
		{B1ECD3C9-CF58-45A2-918F-172F0F710CFD}.Debug|Any CPU.Build.0 = Debug|Any CPU
		{B1ECD3C9-CF58-45A2-918F-172F0F710CFD}.Release|Any CPU.ActiveCfg = Release|Any CPU
		{B1ECD3C9-CF58-45A2-918F-172F0F710CFD}.Release|Any CPU.Build.0 = Release|Any CPU
		{69874A13-24A7-4F07-BACD-7F6469CD807D}.Debug|Any CPU.ActiveCfg = Debug|Any CPU
		{69874A13-24A7-4F07-BACD-7F6469CD807D}.Debug|Any CPU.Build.0 = Debug|Any CPU
		{69874A13-24A7-4F07-BACD-7F6469CD807D}.Release|Any CPU.ActiveCfg = Release|Any CPU
		{69874A13-24A7-4F07-BACD-7F6469CD807D}.Release|Any CPU.Build.0 = Release|Any CPU
		{51DEFD8E-FEEE-49AB-B503-9C79615D1FD4}.Debug|Any CPU.ActiveCfg = Debug|Any CPU
		{51DEFD8E-FEEE-49AB-B503-9C79615D1FD4}.Debug|Any CPU.Build.0 = Debug|Any CPU
		{51DEFD8E-FEEE-49AB-B503-9C79615D1FD4}.Release|Any CPU.ActiveCfg = Release|Any CPU
		{51DEFD8E-FEEE-49AB-B503-9C79615D1FD4}.Release|Any CPU.Build.0 = Release|Any CPU
	EndGlobalSection
	GlobalSection(SolutionProperties) = preSolution
		HideSolutionNode = FALSE
	EndGlobalSection
	GlobalSection(ExtensibilityGlobals) = postSolution
		SolutionGuid = {493ED767-BDE9-4FED-B476-3002B49B455F}
	EndGlobalSection
EndGlobal
